
Microsoft Visual Studio Solution File, Format Version 12.00
# Visual Studio 15
VisualStudioVersion = 15.0.28307.168
MinimumVisualStudioVersion = 10.0.40219.1
Project("{888888A0-9F3D-457C-B088-3A5042F75D52}") = "amazon rekognition detect label", "amazon rekognition detect label\amazon rekognition detect label.pyproj", "{5AFF1D49-F9B2-46A8-8E9B-2228D2890003}"
EndProject
Global
	GlobalSection(SolutionConfigurationPlatforms) = preSolution
		Debug|Any CPU = Debug|Any CPU
		Release|Any CPU = Release|Any CPU
	EndGlobalSection
	GlobalSection(ProjectConfigurationPlatforms) = postSolution
		{5AFF1D49-F9B2-46A8-8E9B-2228D2890003}.Debug|Any CPU.ActiveCfg = Debug|Any CPU
		{5AFF1D49-F9B2-46A8-8E9B-2228D2890003}.Release|Any CPU.ActiveCfg = Release|Any CPU
	EndGlobalSection
	GlobalSection(SolutionProperties) = preSolution
		HideSolutionNode = FALSE
	EndGlobalSection
	GlobalSection(ExtensibilityGlobals) = postSolution
		SolutionGuid = {796776EB-531E-40D1-A6BE-C924894BB20B}
	EndGlobalSection
EndGlobal
